
Microsoft Visual Studio Solution File, Format Version 12.00
# Visual Studio Version 16
VisualStudioVersion = 16.0.31112.23
MinimumVisualStudioVersion = 10.0.40219.1
Project("{FAE04EC0-301F-11D3-BF4B-00C04F79EFBC}") = "CrossedCastReceiver.Android", "CrossedCastReceiver\CrossedCastReceiver.Android\CrossedCastReceiver.Android.csproj", "{88FC2781-B6C0-49AD-B283-2CC96BE66901}"
EndProject
Project("{FAE04EC0-301F-11D3-BF4B-00C04F79EFBC}") = "CrossedCastReceiver.iOS", "CrossedCastReceiver\CrossedCastReceiver.iOS\CrossedCastReceiver.iOS.csproj", "{673B770B-A990-472C-825C-9DDBD46427A9}"
EndProject
Project("{9A19103F-16F7-4668-BE54-9A1E7A4F7556}") = "CrossedCastReceiver", "CrossedCastReceiver\CrossedCastReceiver\CrossedCastReceiver.csproj", "{C5840FC2-13DD-4026-A7A5-1D911227F35A}"
EndProject
Project("{FAE04EC0-301F-11D3-BF4B-00C04F79EFBC}") = "StreamReceiver", "StreamReceiver\StreamReceiver.csproj", "{6AE8FCA7-CD9A-4F32-B8A6-51B55FB2A898}"
EndProject
Global
	GlobalSection(SolutionConfigurationPlatforms) = preSolution
		Debug|Any CPU = Debug|Any CPU
		Debug|ARM = Debug|ARM
		Debug|ARM64 = Debug|ARM64
		Debug|iPhone = Debug|iPhone
		Debug|iPhoneSimulator = Debug|iPhoneSimulator
		Debug|x64 = Debug|x64
		Debug|x86 = Debug|x86
		Release|Any CPU = Release|Any CPU
		Release|ARM = Release|ARM
		Release|ARM64 = Release|ARM64
		Release|iPhone = Release|iPhone
		Release|iPhoneSimulator = Release|iPhoneSimulator
		Release|x64 = Release|x64
		Release|x86 = Release|x86
	EndGlobalSection
	GlobalSection(ProjectConfigurationPlatforms) = postSolution
		{88FC2781-B6C0-49AD-B283-2CC96BE66901}.Debug|Any CPU.ActiveCfg = Debug|Any CPU
		{88FC2781-B6C0-49AD-B283-2CC96BE66901}.Debug|Any CPU.Build.0 = Debug|Any CPU
		{88FC2781-B6C0-49AD-B283-2CC96BE66901}.Debug|Any CPU.Deploy.0 = Debug|Any CPU
		{88FC2781-B6C0-49AD-B283-2CC96BE66901}.Debug|ARM.ActiveCfg = Debug|Any CPU
		{88FC2781-B6C0-49AD-B283-2CC96BE66901}.Debug|ARM.Build.0 = Debug|Any CPU
		{88FC2781-B6C0-49AD-B283-2CC96BE66901}.Debug|ARM.Deploy.0 = Debug|Any CPU
		{88FC2781-B6C0-49AD-B283-2CC96BE66901}.Debug|ARM64.ActiveCfg = Debug|Any CPU
		{88FC2781-B6C0-49AD-B283-2CC96BE66901}.Debug|ARM64.Build.0 = Debug|Any CPU
		{88FC2781-B6C0-49AD-B283-2CC96BE66901}.Debug|ARM64.Deploy.0 = Debug|Any CPU
		{88FC2781-B6C0-49AD-B283-2CC96BE66901}.Debug|iPhone.ActiveCfg = Debug|Any CPU
		{88FC2781-B6C0-49AD-B283-2CC96BE66901}.Debug|iPhone.Build.0 = Debug|Any CPU
		{88FC2781-B6C0-49AD-B283-2CC96BE66901}.Debug|iPhone.Deploy.0 = Debug|Any CPU
		{88FC2781-B6C0-49AD-B283-2CC96BE66901}.Debug|iPhoneSimulator.ActiveCfg = Debug|Any CPU
		{88FC2781-B6C0-49AD-B283-2CC96BE66901}.Debug|iPhoneSimulator.Build.0 = Debug|Any CPU
		{88FC2781-B6C0-49AD-B283-2CC96BE66901}.Debug|iPhoneSimulator.Deploy.0 = Debug|Any CPU
		{88FC2781-B6C0-49AD-B283-2CC96BE66901}.Debug|x64.ActiveCfg = Debug|Any CPU
		{88FC2781-B6C0-49AD-B283-2CC96BE66901}.Debug|x64.Build.0 = Debug|Any CPU
		{88FC2781-B6C0-49AD-B283-2CC96BE66901}.Debug|x64.Deploy.0 = Debug|Any CPU
		{88FC2781-B6C0-49AD-B283-2CC96BE66901}.Debug|x86.ActiveCfg = Debug|Any CPU
		{88FC2781-B6C0-49AD-B283-2CC96BE66901}.Debug|x86.Build.0 = Debug|Any CPU
		{88FC2781-B6C0-49AD-B283-2CC96BE66901}.Debug|x86.Deploy.0 = Debug|Any CPU
		{88FC2781-B6C0-49AD-B283-2CC96BE66901}.Release|Any CPU.ActiveCfg = Release|Any CPU
		{88FC2781-B6C0-49AD-B283-2CC96BE66901}.Release|Any CPU.Build.0 = Release|Any CPU
		{88FC2781-B6C0-49AD-B283-2CC96BE66901}.Release|Any CPU.Deploy.0 = Release|Any CPU
		{88FC2781-B6C0-49AD-B283-2CC96BE66901}.Release|ARM.ActiveCfg = Release|Any CPU
		{88FC2781-B6C0-49AD-B283-2CC96BE66901}.Release|ARM.Build.0 = Release|Any CPU
		{88FC2781-B6C0-49AD-B283-2CC96BE66901}.Release|ARM.Deploy.0 = Release|Any CPU
		{88FC2781-B6C0-49AD-B283-2CC96BE66901}.Release|ARM64.ActiveCfg = Release|Any CPU
		{88FC2781-B6C0-49AD-B283-2CC96BE66901}.Release|ARM64.Build.0 = Release|Any CPU
		{88FC2781-B6C0-49AD-B283-2CC96BE66901}.Release|ARM64.Deploy.0 = Release|Any CPU
		{88FC2781-B6C0-49AD-B283-2CC96BE66901}.Release|iPhone.ActiveCfg = Release|Any CPU
		{88FC2781-B6C0-49AD-B283-2CC96BE66901}.Release|iPhone.Build.0 = Release|Any CPU
		{88FC2781-B6C0-49AD-B283-2CC96BE66901}.Release|iPhone.Deploy.0 = Release|Any CPU
		{88FC2781-B6C0-49AD-B283-2CC96BE66901}.Release|iPhoneSimulator.ActiveCfg = Release|Any CPU
		{88FC2781-B6C0-49AD-B283-2CC96BE66901}.Release|iPhoneSimulator.Build.0 = Release|Any CPU
		{88FC2781-B6C0-49AD-B283-2CC96BE66901}.Release|iPhoneSimulator.Deploy.0 = Release|Any CPU
		{88FC2781-B6C0-49AD-B283-2CC96BE66901}.Release|x64.ActiveCfg = Release|Any CPU
		{88FC2781-B6C0-49AD-B283-2CC96BE66901}.Release|x64.Build.0 = Release|Any CPU
		{88FC2781-B6C0-49AD-B283-2CC96BE66901}.Release|x64.Deploy.0 = Release|Any CPU
		{88FC2781-B6C0-49AD-B283-2CC96BE66901}.Release|x86.ActiveCfg = Release|Any CPU
		{88FC2781-B6C0-49AD-B283-2CC96BE66901}.Release|x86.Build.0 = Release|Any CPU
		{88FC2781-B6C0-49AD-B283-2CC96BE66901}.Release|x86.Deploy.0 = Release|Any CPU
		{673B770B-A990-472C-825C-9DDBD46427A9}.Debug|Any CPU.ActiveCfg = Debug|iPhoneSimulator
		{673B770B-A990-472C-825C-9DDBD46427A9}.Debug|Any CPU.Build.0 = Debug|iPhoneSimulator
		{673B770B-A990-472C-825C-9DDBD46427A9}.Debug|Any CPU.Deploy.0 = Debug|iPhoneSimulator
		{673B770B-A990-472C-825C-9DDBD46427A9}.Debug|ARM.ActiveCfg = Debug|iPhone
		{673B770B-A990-472C-825C-9DDBD46427A9}.Debug|ARM.Build.0 = Debug|iPhone
		{673B770B-A990-472C-825C-9DDBD46427A9}.Debug|ARM.Deploy.0 = Debug|iPhone
		{673B770B-A990-472C-825C-9DDBD46427A9}.Debug|ARM64.ActiveCfg = Debug|iPhone
		{673B770B-A990-472C-825C-9DDBD46427A9}.Debug|iPhone.ActiveCfg = Debug|iPhone
		{673B770B-A990-472C-825C-9DDBD46427A9}.Debug|iPhone.Build.0 = Debug|iPhone
		{673B770B-A990-472C-825C-9DDBD46427A9}.Debug|iPhone.Deploy.0 = Debug|iPhone
		{673B770B-A990-472C-825C-9DDBD46427A9}.Debug|iPhoneSimulator.ActiveCfg = Debug|iPhoneSimulator
		{673B770B-A990-472C-825C-9DDBD46427A9}.Debug|iPhoneSimulator.Build.0 = Debug|iPhoneSimulator
		{673B770B-A990-472C-825C-9DDBD46427A9}.Debug|iPhoneSimulator.Deploy.0 = Debug|iPhoneSimulator
		{673B770B-A990-472C-825C-9DDBD46427A9}.Debug|x64.ActiveCfg = Debug|iPhoneSimulator
		{673B770B-A990-472C-825C-9DDBD46427A9}.Debug|x64.Build.0 = Debug|iPhoneSimulator
		{673B770B-A990-472C-825C-9DDBD46427A9}.Debug|x64.Deploy.0 = Debug|iPhoneSimulator
		{673B770B-A990-472C-825C-9DDBD46427A9}.Debug|x86.ActiveCfg = Debug|iPhoneSimulator
		{673B770B-A990-472C-825C-9DDBD46427A9}.Debug|x86.Build.0 = Debug|iPhoneSimulator
		{673B770B-A990-472C-825C-9DDBD46427A9}.Debug|x86.Deploy.0 = Debug|iPhoneSimulator
		{673B770B-A990-472C-825C-9DDBD46427A9}.Release|Any CPU.ActiveCfg = Release|iPhoneSimulator
		{673B770B-A990-472C-825C-9DDBD46427A9}.Release|Any CPU.Build.0 = Release|iPhoneSimulator
		{673B770B-A990-472C-825C-9DDBD46427A9}.Release|Any CPU.Deploy.0 = Release|iPhoneSimulator
		{673B770B-A990-472C-825C-9DDBD46427A9}.Release|ARM.ActiveCfg = Release|iPhoneSimulator
		{673B770B-A990-472C-825C-9DDBD46427A9}.Release|ARM.Build.0 = Release|iPhoneSimulator
		{673B770B-A990-472C-825C-9DDBD46427A9}.Release|ARM.Deploy.0 = Release|iPhoneSimulator
		{673B770B-A990-472C-825C-9DDBD46427A9}.Release|ARM64.ActiveCfg = Release|iPhone
		{673B770B-A990-472C-825C-9DDBD46427A9}.Release|iPhone.ActiveCfg = Release|iPhone
		{673B770B-A990-472C-825C-9DDBD46427A9}.Release|iPhone.Build.0 = Release|iPhone
		{673B770B-A990-472C-825C-9DDBD46427A9}.Release|iPhone.Deploy.0 = Release|iPhone
		{673B770B-A990-472C-825C-9DDBD46427A9}.Release|iPhoneSimulator.ActiveCfg = Release|iPhoneSimulator
		{673B770B-A990-472C-825C-9DDBD46427A9}.Release|iPhoneSimulator.Build.0 = Release|iPhoneSimulator
		{673B770B-A990-472C-825C-9DDBD46427A9}.Release|iPhoneSimulator.Deploy.0 = Release|iPhoneSimulator
		{673B770B-A990-472C-825C-9DDBD46427A9}.Release|x64.ActiveCfg = Release|iPhoneSimulator
		{673B770B-A990-472C-825C-9DDBD46427A9}.Release|x64.Build.0 = Release|iPhoneSimulator
		{673B770B-A990-472C-825C-9DDBD46427A9}.Release|x64.Deploy.0 = Release|iPhoneSimulator
		{673B770B-A990-472C-825C-9DDBD46427A9}.Release|x86.ActiveCfg = Release|iPhoneSimulator
		{673B770B-A990-472C-825C-9DDBD46427A9}.Release|x86.Build.0 = Release|iPhoneSimulator
		{673B770B-A990-472C-825C-9DDBD46427A9}.Release|x86.Deploy.0 = Release|iPhoneSimulator
		{C5840FC2-13DD-4026-A7A5-1D911227F35A}.Debug|Any CPU.ActiveCfg = Debug|Any CPU
		{C5840FC2-13DD-4026-A7A5-1D911227F35A}.Debug|Any CPU.Build.0 = Debug|Any CPU
		{C5840FC2-13DD-4026-A7A5-1D911227F35A}.Debug|Any CPU.Deploy.0 = Debug|Any CPU
		{C5840FC2-13DD-4026-A7A5-1D911227F35A}.Debug|ARM.ActiveCfg = Debug|Any CPU
		{C5840FC2-13DD-4026-A7A5-1D911227F35A}.Debug|ARM.Build.0 = Debug|Any CPU
		{C5840FC2-13DD-4026-A7A5-1D911227F35A}.Debug|ARM.Deploy.0 = Debug|Any CPU
		{C5840FC2-13DD-4026-A7A5-1D911227F35A}.Debug|ARM64.ActiveCfg = Debug|Any CPU
		{C5840FC2-13DD-4026-A7A5-1D911227F35A}.Debug|ARM64.Build.0 = Debug|Any CPU
		{C5840FC2-13DD-4026-A7A5-1D911227F35A}.Debug|iPhone.ActiveCfg = Debug|Any CPU
		{C5840FC2-13DD-4026-A7A5-1D911227F35A}.Debug|iPhone.Build.0 = Debug|Any CPU
		{C5840FC2-13DD-4026-A7A5-1D911227F35A}.Debug|iPhone.Deploy.0 = Debug|Any CPU
		{C5840FC2-13DD-4026-A7A5-1D911227F35A}.Debug|iPhoneSimulator.ActiveCfg = Debug|Any CPU
		{C5840FC2-13DD-4026-A7A5-1D911227F35A}.Debug|iPhoneSimulator.Build.0 = Debug|Any CPU
		{C5840FC2-13DD-4026-A7A5-1D911227F35A}.Debug|iPhoneSimulator.Deploy.0 = Debug|Any CPU
		{C5840FC2-13DD-4026-A7A5-1D911227F35A}.Debug|x64.ActiveCfg = Debug|Any CPU
		{C5840FC2-13DD-4026-A7A5-1D911227F35A}.Debug|x64.Build.0 = Debug|Any CPU
		{C5840FC2-13DD-4026-A7A5-1D911227F35A}.Debug|x64.Deploy.0 = Debug|Any CPU
		{C5840FC2-13DD-4026-A7A5-1D911227F35A}.Debug|x86.ActiveCfg = Debug|Any CPU
		{C5840FC2-13DD-4026-A7A5-1D911227F35A}.Debug|x86.Build.0 = Debug|Any CPU
		{C5840FC2-13DD-4026-A7A5-1D911227F35A}.Debug|x86.Deploy.0 = Debug|Any CPU
		{C5840FC2-13DD-4026-A7A5-1D911227F35A}.Release|Any CPU.ActiveCfg = Release|Any CPU
		{C5840FC2-13DD-4026-A7A5-1D911227F35A}.Release|Any CPU.Build.0 = Release|Any CPU
		{C5840FC2-13DD-4026-A7A5-1D911227F35A}.Release|Any CPU.Deploy.0 = Release|Any CPU
		{C5840FC2-13DD-4026-A7A5-1D911227F35A}.Release|ARM.ActiveCfg = Release|Any CPU
		{C5840FC2-13DD-4026-A7A5-1D911227F35A}.Release|ARM.Build.0 = Release|Any CPU
		{C5840FC2-13DD-4026-A7A5-1D911227F35A}.Release|ARM.Deploy.0 = Release|Any CPU
		{C5840FC2-13DD-4026-A7A5-1D911227F35A}.Release|ARM64.ActiveCfg = Release|Any CPU
		{C5840FC2-13DD-4026-A7A5-1D911227F35A}.Release|ARM64.Build.0 = Release|Any CPU
		{C5840FC2-13DD-4026-A7A5-1D911227F35A}.Release|iPhone.ActiveCfg = Release|Any CPU
		{C5840FC2-13DD-4026-A7A5-1D911227F35A}.Release|iPhone.Build.0 = Release|Any CPU
		{C5840FC2-13DD-4026-A7A5-1D911227F35A}.Release|iPhone.Deploy.0 = Release|Any CPU
		{C5840FC2-13DD-4026-A7A5-1D911227F35A}.Release|iPhoneSimulator.ActiveCfg = Release|Any CPU
		{C5840FC2-13DD-4026-A7A5-1D911227F35A}.Release|iPhoneSimulator.Build.0 = Release|Any CPU
		{C5840FC2-13DD-4026-A7A5-1D911227F35A}.Release|iPhoneSimulator.Deploy.0 = Release|Any CPU
		{C5840FC2-13DD-4026-A7A5-1D911227F35A}.Release|x64.ActiveCfg = Release|Any CPU
		{C5840FC2-13DD-4026-A7A5-1D911227F35A}.Release|x64.Build.0 = Release|Any CPU
		{C5840FC2-13DD-4026-A7A5-1D911227F35A}.Release|x64.Deploy.0 = Release|Any CPU
		{C5840FC2-13DD-4026-A7A5-1D911227F35A}.Release|x86.ActiveCfg = Release|Any CPU
		{C5840FC2-13DD-4026-A7A5-1D911227F35A}.Release|x86.Build.0 = Release|Any CPU
		{C5840FC2-13DD-4026-A7A5-1D911227F35A}.Release|x86.Deploy.0 = Release|Any CPU
		{6AE8FCA7-CD9A-4F32-B8A6-51B55FB2A898}.Debug|Any CPU.ActiveCfg = Debug|Any CPU
		{6AE8FCA7-CD9A-4F32-B8A6-51B55FB2A898}.Debug|Any CPU.Build.0 = Debug|Any CPU
		{6AE8FCA7-CD9A-4F32-B8A6-51B55FB2A898}.Debug|ARM.ActiveCfg = Debug|Any CPU
		{6AE8FCA7-CD9A-4F32-B8A6-51B55FB2A898}.Debug|ARM.Build.0 = Debug|Any CPU
		{6AE8FCA7-CD9A-4F32-B8A6-51B55FB2A898}.Debug|ARM64.ActiveCfg = Debug|Any CPU
		{6AE8FCA7-CD9A-4F32-B8A6-51B55FB2A898}.Debug|ARM64.Build.0 = Debug|Any CPU
		{6AE8FCA7-CD9A-4F32-B8A6-51B55FB2A898}.Debug|iPhone.ActiveCfg = Debug|Any CPU
		{6AE8FCA7-CD9A-4F32-B8A6-51B55FB2A898}.Debug|iPhone.Build.0 = Debug|Any CPU
		{6AE8FCA7-CD9A-4F32-B8A6-51B55FB2A898}.Debug|iPhoneSimulator.ActiveCfg = Debug|Any CPU
		{6AE8FCA7-CD9A-4F32-B8A6-51B55FB2A898}.Debug|iPhoneSimulator.Build.0 = Debug|Any CPU
		{6AE8FCA7-CD9A-4F32-B8A6-51B55FB2A898}.Debug|x64.ActiveCfg = Debug|Any CPU
		{6AE8FCA7-CD9A-4F32-B8A6-51B55FB2A898}.Debug|x64.Build.0 = Debug|Any CPU
		{6AE8FCA7-CD9A-4F32-B8A6-51B55FB2A898}.Debug|x86.ActiveCfg = Debug|Any CPU
		{6AE8FCA7-CD9A-4F32-B8A6-51B55FB2A898}.Debug|x86.Build.0 = Debug|Any CPU
		{6AE8FCA7-CD9A-4F32-B8A6-51B55FB2A898}.Release|Any CPU.ActiveCfg = Release|Any CPU
		{6AE8FCA7-CD9A-4F32-B8A6-51B55FB2A898}.Release|Any CPU.Build.0 = Release|Any CPU
		{6AE8FCA7-CD9A-4F32-B8A6-51B55FB2A898}.Release|ARM.ActiveCfg = Release|Any CPU
		{6AE8FCA7-CD9A-4F32-B8A6-51B55FB2A898}.Release|ARM.Build.0 = Release|Any CPU
		{6AE8FCA7-CD9A-4F32-B8A6-51B55FB2A898}.Release|ARM64.ActiveCfg = Release|Any CPU
		{6AE8FCA7-CD9A-4F32-B8A6-51B55FB2A898}.Release|ARM64.Build.0 = Release|Any CPU
		{6AE8FCA7-CD9A-4F32-B8A6-51B55FB2A898}.Release|iPhone.ActiveCfg = Release|Any CPU
		{6AE8FCA7-CD9A-4F32-B8A6-51B55FB2A898}.Release|iPhone.Build.0 = Release|Any CPU
		{6AE8FCA7-CD9A-4F32-B8A6-51B55FB2A898}.Release|iPhoneSimulator.ActiveCfg = Release|Any CPU
		{6AE8FCA7-CD9A-4F32-B8A6-51B55FB2A898}.Release|iPhoneSimulator.Build.0 = Release|Any CPU
		{6AE8FCA7-CD9A-4F32-B8A6-51B55FB2A898}.Release|x64.ActiveCfg = Release|Any CPU
		{6AE8FCA7-CD9A-4F32-B8A6-51B55FB2A898}.Release|x64.Build.0 = Release|Any CPU
		{6AE8FCA7-CD9A-4F32-B8A6-51B55FB2A898}.Release|x86.ActiveCfg = Release|Any CPU
		{6AE8FCA7-CD9A-4F32-B8A6-51B55FB2A898}.Release|x86.Build.0 = Release|Any CPU
	EndGlobalSection
	GlobalSection(SolutionProperties) = preSolution
		HideSolutionNode = FALSE
	EndGlobalSection
	GlobalSection(ExtensibilityGlobals) = postSolution
		SolutionGuid = {FE1A7F47-833E-4921-A808-26714AF32BC4}
	EndGlobalSection
EndGlobal
